
Microsoft Visual Studio Solution File, Format Version 12.00
# Visual Studio 14
VisualStudioVersion = 14.0.25420.1
MinimumVisualStudioVersion = 10.0.40219.1
Project("{FAE04EC0-301F-11D3-BF4B-00C04F79EFBC}") = "hhFinder.Web", "hhFinder.Web\hhFinder.Web.csproj", "{1DB9F355-1C00-457C-A586-928B6B4E8117}"
EndProject
Project("{FAE04EC0-301F-11D3-BF4B-00C04F79EFBC}") = "hhFinder.Entities", "hhFinder.Entities\hhFinder.Entities.csproj", "{7A50AAF5-4A97-4F25-A212-EBDE2AC3C593}"
EndProject
Project("{FAE04EC0-301F-11D3-BF4B-00C04F79EFBC}") = "hhFinder.DAL", "hhFinder.DAL\hhFinder.DAL.csproj", "{761E9B80-8D5C-4F44-8BFC-005D600A3BBE}"
EndProject
Project("{FAE04EC0-301F-11D3-BF4B-00C04F79EFBC}") = "hhFinder.BLL", "hhFinder.BLL\hhFinder.BLL.csproj", "{82360D2D-6BFD-4027-8459-452302CDE049}"
EndProject
Global
	GlobalSection(SolutionConfigurationPlatforms) = preSolution
		Debug|Any CPU = Debug|Any CPU
		Release|Any CPU = Release|Any CPU
	EndGlobalSection
	GlobalSection(ProjectConfigurationPlatforms) = postSolution
		{1DB9F355-1C00-457C-A586-928B6B4E8117}.Debug|Any CPU.ActiveCfg = Debug|Any CPU
		{1DB9F355-1C00-457C-A586-928B6B4E8117}.Debug|Any CPU.Build.0 = Debug|Any CPU
		{1DB9F355-1C00-457C-A586-928B6B4E8117}.Release|Any CPU.ActiveCfg = Release|Any CPU
		{1DB9F355-1C00-457C-A586-928B6B4E8117}.Release|Any CPU.Build.0 = Release|Any CPU
		{7A50AAF5-4A97-4F25-A212-EBDE2AC3C593}.Debug|Any CPU.ActiveCfg = Debug|Any CPU
		{7A50AAF5-4A97-4F25-A212-EBDE2AC3C593}.Debug|Any CPU.Build.0 = Debug|Any CPU
		{7A50AAF5-4A97-4F25-A212-EBDE2AC3C593}.Release|Any CPU.ActiveCfg = Release|Any CPU
		{7A50AAF5-4A97-4F25-A212-EBDE2AC3C593}.Release|Any CPU.Build.0 = Release|Any CPU
		{761E9B80-8D5C-4F44-8BFC-005D600A3BBE}.Debug|Any CPU.ActiveCfg = Debug|Any CPU
		{761E9B80-8D5C-4F44-8BFC-005D600A3BBE}.Debug|Any CPU.Build.0 = Debug|Any CPU
		{761E9B80-8D5C-4F44-8BFC-005D600A3BBE}.Release|Any CPU.ActiveCfg = Release|Any CPU
		{761E9B80-8D5C-4F44-8BFC-005D600A3BBE}.Release|Any CPU.Build.0 = Release|Any CPU
		{82360D2D-6BFD-4027-8459-452302CDE049}.Debug|Any CPU.ActiveCfg = Debug|Any CPU
		{82360D2D-6BFD-4027-8459-452302CDE049}.Debug|Any CPU.Build.0 = Debug|Any CPU
		{82360D2D-6BFD-4027-8459-452302CDE049}.Release|Any CPU.ActiveCfg = Release|Any CPU
		{82360D2D-6BFD-4027-8459-452302CDE049}.Release|Any CPU.Build.0 = Release|Any CPU
	EndGlobalSection
	GlobalSection(SolutionProperties) = preSolution
		HideSolutionNode = FALSE
	EndGlobalSection
EndGlobal
